Microsoft Visual Studio Solution File, Format Version 11.00
# Visual Studio 2008

Project("{92A17CEE-CC2D-CAC2-3396-B8E5F56C4CF4}") = "pgk_zoombie", "Assembly-CSharp.csproj", "{2C3D36BC-1046-9808-ACC9-D63DD809A3D5}"
EndProject
Project("{92A17CEE-CC2D-CAC2-3396-B8E5F56C4CF4}") = "pgk_zoombie", "Assembly-CSharp-Editor.csproj", "{753FEDF7-610B-26E1-8625-9DE792F18ADB}"
EndProject
Global
	GlobalSection(SolutionConfigurationPlatforms) = preSolution
		Debug|Any CPU = Debug|Any CPU
		Release|Any CPU = Release|Any CPU
	EndGlobalSection
	GlobalSection(ProjectConfigurationPlatforms) = postSolution
		{2C3D36BC-1046-9808-ACC9-D63DD809A3D5}.Debug|Any CPU.ActiveCfg = Debug|Any CPU
		{2C3D36BC-1046-9808-ACC9-D63DD809A3D5}.Debug|Any CPU.Build.0 = Debug|Any CPU
		{2C3D36BC-1046-9808-ACC9-D63DD809A3D5}.Release|Any CPU.ActiveCfg = Release|Any CPU
		{2C3D36BC-1046-9808-ACC9-D63DD809A3D5}.Release|Any CPU.Build.0 = Release|Any CPU
		{753FEDF7-610B-26E1-8625-9DE792F18ADB}.Debug|Any CPU.ActiveCfg = Debug|Any CPU
		{753FEDF7-610B-26E1-8625-9DE792F18ADB}.Debug|Any CPU.Build.0 = Debug|Any CPU
		{753FEDF7-610B-26E1-8625-9DE792F18ADB}.Release|Any CPU.ActiveCfg = Release|Any CPU
		{753FEDF7-610B-26E1-8625-9DE792F18ADB}.Release|Any CPU.Build.0 = Release|Any CPU
	EndGlobalSection
	GlobalSection(SolutionProperties) = preSolution
		HideSolutionNode = FALSE
	EndGlobalSection
	GlobalSection(MonoDevelopProperties) = preSolution
		StartupItem = Assembly-CSharp.csproj
	EndGlobalSection
EndGlobal
