
Microsoft Visual Studio Solution File, Format Version 12.00
# Visual Studio 2015
Project("{FAE04EC0-301F-11D3-BF4B-00C04F79EFBC}") = "pgk_zoombie", "pgk_zoombie.csproj", "{B63766F7-7732-781A-4A07-4348C20D2E97}"
EndProject
Project("{FAE04EC0-301F-11D3-BF4B-00C04F79EFBC}") = "pgk_zoombie.Editor", "pgk_zoombie.Editor.csproj", "{297B09A0-FD60-068D-67ED-530F7A22D64A}"
EndProject
Global
	GlobalSection(SolutionConfigurationPlatforms) = preSolution
		Debug|Any CPU = Debug|Any CPU
		Release|Any CPU = Release|Any CPU
	EndGlobalSection
	GlobalSection(ProjectConfigurationPlatforms) = postSolution
		{B63766F7-7732-781A-4A07-4348C20D2E97}.Debug|Any CPU.ActiveCfg = Debug|Any CPU
		{B63766F7-7732-781A-4A07-4348C20D2E97}.Debug|Any CPU.Build.0 = Debug|Any CPU
		{B63766F7-7732-781A-4A07-4348C20D2E97}.Release|Any CPU.ActiveCfg = Release|Any CPU
		{B63766F7-7732-781A-4A07-4348C20D2E97}.Release|Any CPU.Build.0 = Release|Any CPU
		{297B09A0-FD60-068D-67ED-530F7A22D64A}.Debug|Any CPU.ActiveCfg = Debug|Any CPU
		{297B09A0-FD60-068D-67ED-530F7A22D64A}.Debug|Any CPU.Build.0 = Debug|Any CPU
		{297B09A0-FD60-068D-67ED-530F7A22D64A}.Release|Any CPU.ActiveCfg = Release|Any CPU
		{297B09A0-FD60-068D-67ED-530F7A22D64A}.Release|Any CPU.Build.0 = Release|Any CPU
	EndGlobalSection
	GlobalSection(SolutionProperties) = preSolution
		HideSolutionNode = FALSE
	EndGlobalSection
EndGlobal
